# THIS IS AN AUTOGENERATED FILE. DO NOT EDIT THIS FILE DIRECTLY.
# yarn lockfile v1


"@types/firefox-webext-browser@^78.0.0":
  version "78.0.0"
  resolved "https://registry.yarnpkg.com/@types/firefox-webext-browser/-/firefox-webext-browser-78.0.0.tgz#9f175355beb3824dce8d5811e59585fba84dca6b"
  integrity sha512-ExCtjncdA1ITEjEitvtjGcXslGPA/ZMxOxzMGfpLHZ6ZJAAx6itQi+ZEctgPFN6uPW4lSJalSsEC+lAz0Wkz9A==

typescript@^3.9.5:
  version "3.9.5"
  resolved "https://registry.yarnpkg.com/typescript/-/typescript-3.9.5.tgz#586f0dba300cde8be52dd1ac4f7e1009c1b13f36"
  integrity sha512-hSAifV3k+i6lEoCJ2k6R2Z/rp/H3+8sdmcn5NrS3/3kE7+RyZXm9aqvxWqjEXHAd8b0pShatpcdMTvEdvAJltQ==
